
Microsoft Visual Studio Solution File, Format Version 12.00
# Visual Studio Version 17
VisualStudioVersion = 17.8.34322.80
MinimumVisualStudioVersion = 10.0.40219.1
Project("{9A19103F-16F7-4668-BE54-9A1E7A4F7556}") = "Synthesizer", "Synthesizer.csproj", "{542AE5C5-BCA2-423C-8E53-AF63F220D494}"
EndProject
Project("{FAE04EC0-301F-11D3-BF4B-00C04F79EFBC}") = "Synthesizer.Database", "..\Synthesizer.Database\Synthesizer.Database.csproj", "{D0C2907D-07CA-4545-8D9B-66E294FDEAE4}"
EndProject
Global
	GlobalSection(SolutionConfigurationPlatforms) = preSolution
		Debug|Any CPU = Debug|Any CPU
		ExportDebug|Any CPU = ExportDebug|Any CPU
		ExportRelease|Any CPU = ExportRelease|Any CPU
		Release|Any CPU = Release|Any CPU
	EndGlobalSection
	GlobalSection(ProjectConfigurationPlatforms) = postSolution
		{542AE5C5-BCA2-423C-8E53-AF63F220D494}.Debug|Any CPU.ActiveCfg = Debug|Any CPU
		{542AE5C5-BCA2-423C-8E53-AF63F220D494}.Debug|Any CPU.Build.0 = Debug|Any CPU
		{542AE5C5-BCA2-423C-8E53-AF63F220D494}.ExportDebug|Any CPU.ActiveCfg = ExportDebug|Any CPU
		{542AE5C5-BCA2-423C-8E53-AF63F220D494}.ExportDebug|Any CPU.Build.0 = ExportDebug|Any CPU
		{542AE5C5-BCA2-423C-8E53-AF63F220D494}.ExportRelease|Any CPU.ActiveCfg = ExportRelease|Any CPU
		{542AE5C5-BCA2-423C-8E53-AF63F220D494}.ExportRelease|Any CPU.Build.0 = ExportRelease|Any CPU
		{542AE5C5-BCA2-423C-8E53-AF63F220D494}.Release|Any CPU.ActiveCfg = ExportRelease|Any CPU
		{542AE5C5-BCA2-423C-8E53-AF63F220D494}.Release|Any CPU.Build.0 = ExportRelease|Any CPU
		{D0C2907D-07CA-4545-8D9B-66E294FDEAE4}.Debug|Any CPU.ActiveCfg = Debug|Any CPU
		{D0C2907D-07CA-4545-8D9B-66E294FDEAE4}.Debug|Any CPU.Build.0 = Debug|Any CPU
		{D0C2907D-07CA-4545-8D9B-66E294FDEAE4}.ExportDebug|Any CPU.ActiveCfg = Release|Any CPU
		{D0C2907D-07CA-4545-8D9B-66E294FDEAE4}.ExportDebug|Any CPU.Build.0 = Release|Any CPU
		{D0C2907D-07CA-4545-8D9B-66E294FDEAE4}.ExportRelease|Any CPU.ActiveCfg = Release|Any CPU
		{D0C2907D-07CA-4545-8D9B-66E294FDEAE4}.ExportRelease|Any CPU.Build.0 = Release|Any CPU
		{D0C2907D-07CA-4545-8D9B-66E294FDEAE4}.Release|Any CPU.ActiveCfg = Release|Any CPU
		{D0C2907D-07CA-4545-8D9B-66E294FDEAE4}.Release|Any CPU.Build.0 = Release|Any CPU
	EndGlobalSection
	GlobalSection(SolutionProperties) = preSolution
		HideSolutionNode = FALSE
	EndGlobalSection
	GlobalSection(ExtensibilityGlobals) = postSolution
		SolutionGuid = {64294580-E7B5-4C20-8C46-AC742CD24353}
	EndGlobalSection
EndGlobal
